
Microsoft Visual Studio Solution File, Format Version 12.00
# Visual Studio 15
VisualStudioVersion = 15.0.27703.2042
MinimumVisualStudioVersion = 10.0.40219.1
Project("{FAE04EC0-301F-11D3-BF4B-00C04F79EFBC}") = "UpdateMachine.Core", "UpdateMachine.Core\UpdateMachine.Core.csproj", "{E3585B3E-9782-4FC8-AFA8-D97E75897AD2}"
EndProject
Project("{FAE04EC0-301F-11D3-BF4B-00C04F79EFBC}") = "UpdateMachine.Test", "UpdateMachine.Test\UpdateMachine.Test.csproj", "{8B4AE7AF-D8B1-4479-8045-B92B149374EC}"
EndProject
Project("{FAE04EC0-301F-11D3-BF4B-00C04F79EFBC}") = "UpdateMachine.Uploader", "UpdateMachine.Uploader\UpdateMachine.Uploader.csproj", "{2FC2E173-36D7-4E4D-A36D-D100D182D8B9}"
EndProject
Global
	GlobalSection(SolutionConfigurationPlatforms) = preSolution
		Debug|Any CPU = Debug|Any CPU
		Release|Any CPU = Release|Any CPU
	EndGlobalSection
	GlobalSection(ProjectConfigurationPlatforms) = postSolution
		{E3585B3E-9782-4FC8-AFA8-D97E75897AD2}.Debug|Any CPU.ActiveCfg = Debug|Any CPU
		{E3585B3E-9782-4FC8-AFA8-D97E75897AD2}.Debug|Any CPU.Build.0 = Debug|Any CPU
		{E3585B3E-9782-4FC8-AFA8-D97E75897AD2}.Release|Any CPU.ActiveCfg = Release|Any CPU
		{E3585B3E-9782-4FC8-AFA8-D97E75897AD2}.Release|Any CPU.Build.0 = Release|Any CPU
		{8B4AE7AF-D8B1-4479-8045-B92B149374EC}.Debug|Any CPU.ActiveCfg = Debug|Any CPU
		{8B4AE7AF-D8B1-4479-8045-B92B149374EC}.Debug|Any CPU.Build.0 = Debug|Any CPU
		{8B4AE7AF-D8B1-4479-8045-B92B149374EC}.Release|Any CPU.ActiveCfg = Release|Any CPU
		{8B4AE7AF-D8B1-4479-8045-B92B149374EC}.Release|Any CPU.Build.0 = Release|Any CPU
		{2FC2E173-36D7-4E4D-A36D-D100D182D8B9}.Debug|Any CPU.ActiveCfg = Debug|Any CPU
		{2FC2E173-36D7-4E4D-A36D-D100D182D8B9}.Debug|Any CPU.Build.0 = Debug|Any CPU
		{2FC2E173-36D7-4E4D-A36D-D100D182D8B9}.Release|Any CPU.ActiveCfg = Release|Any CPU
		{2FC2E173-36D7-4E4D-A36D-D100D182D8B9}.Release|Any CPU.Build.0 = Release|Any CPU
	EndGlobalSection
	GlobalSection(SolutionProperties) = preSolution
		HideSolutionNode = FALSE
	EndGlobalSection
	GlobalSection(ExtensibilityGlobals) = postSolution
		SolutionGuid = {F0E2E85A-1A75-4703-909A-B109364963EA}
	EndGlobalSection
EndGlobal
